github.com/pkg/errors v0.9.1 h1:FEBLx1zS214owpjy7qsBeixbURkuhQAwrK5UwLGTwt4=
github.com/pkg/errors v0.9.1/go.mod h1:bwawxfHBFNV+L2hUp1rHADufV3IMtnDRdf1r5NINEl0=
github.com/zibnix/tt v0.0.0-20230107194951-ffc4800d65b2 h1:qYLN/XjXVtvpHMGbI8WLLMMPHktLppB5T1T941c7c6k=
github.com/zibnix/tt v0.0.0-20230107194951-ffc4800d65b2/go.mod h1:F+Fd7MZv1PNxv00cbOssU3B1k0ic9y6sdlztssijOXE=
